{
    "_readme": [
        "This file locks the dependencies of your project to a known state",
        "Read more about it at http://getcomposer.org/doc/01-basic-usage.md#composer-lock-the-lock-file",
        "This file is @generated automatically"
    ],
    "hash": "49a2512655124e24aa927f57890a3855",
    "packages": [
        {
            "name": "event-centric/domain-events",
            "version": "dev-master",
            "source": {
                "type": "git",
                "url": "https://github.com/event-centric/domain-events.git",
                "reference": "4191b0d48e84ca7c9382ef3776c1a7ceec220f3e"
            },
            "dist": {
                "type": "zip",
                "url": "https://api.github.com/repos/event-centric/domain-events/zipball/4191b0d48e84ca7c9382ef3776c1a7ceec220f3e",
                "reference": "4191b0d48e84ca7c9382ef3776c1a7ceec220f3e",
                "shasum": ""
            },
            "type": "library",
            "autoload": {
                "psr-4": {
                    "EventCentric\\": [
                        "src/EventCentric",
                        "tests/EventCentric"
                    ]
                }
            },
            "notification-url": "https://packagist.org/downloads/",
            "license": [
                "MIT"
            ],
            "authors": [
                {
                    "name": "Mathias Verraes",
                    "email": "mathias@verraes.net",
                    "homepage": "http://verraes.net",
                    "role": "Developer of wrapped Money library"
                }
            ],
            "description": "Domain Events",
            "homepage": "https://github.com/event-centric/domain-events",
            "keywords": [
                "cqrs",
                "ddd",
                "domain-driven design",
                "event sourcing",
                "reactive"
            ],
            "time": "2014-06-05 15:40:24"
        },
        {
            "name": "mathiasverraes/classfunctions",
            "version": "dev-master",
            "source": {
                "type": "git",
                "url": "https://github.com/mathiasverraes/classfunctions.git",
                "reference": "5fd083b56b1336d10e39b841d6e6acc365337b92"
            },
            "dist": {
                "type": "zip",
                "url": "https://api.github.com/repos/mathiasverraes/classfunctions/zipball/5fd083b56b1336d10e39b841d6e6acc365337b92",
                "reference": "5fd083b56b1336d10e39b841d6e6acc365337b92",
                "shasum": ""
            },
            "require": {
                "php": ">=5.4"
            },
            "require-dev": {
                "phpunit/phpunit": "*"
            },
            "type": "library",
            "extra": {
                "branch-alias": {
                    "dev-master": "1.0-dev"
                }
            },
            "autoload": {
                "psr-0": {
                    "Verraes": "src"
                }
            },
            "notification-url": "https://packagist.org/downloads/",
            "license": [
                "MIT"
            ],
            "authors": [
                {
                    "name": "Mathias Verraes",
                    "email": "mathias@verraes.net",
                    "homepage": "http://verraes.net",
                    "role": "Developer"
                }
            ],
            "description": "Functions to manipulate class names",
            "homepage": "http://verraes.net",
            "keywords": [
                "classes",
                "utilities"
            ],
            "time": "2014-02-15 14:52:59"
        }
    ],
    "packages-dev": [

    ],
    "aliases": [

    ],
    "minimum-stability": "dev",
    "stability-flags": [

    ],
    "platform": [

    ],
    "platform-dev": [

    ]
}
